
Microsoft Visual Studio Solution File, Format Version 12.00
# Visual Studio Version 17
VisualStudioVersion = 17.3.32929.385
MinimumVisualStudioVersion = 10.0.40219.1
Project("{FAE04EC0-301F-11D3-BF4B-00C04F79EFBC}") = "Biblioteka", "Biblioteka\Biblioteka.csproj", "{18ABC97D-5D79-4B10-A213-2E10BF0A7AB0}"
EndProject
Global
	GlobalSection(SolutionConfigurationPlatforms) = preSolution
		Debug|Any CPU = Debug|Any CPU
		Release|Any CPU = Release|Any CPU
	EndGlobalSection
	GlobalSection(ProjectConfigurationPlatforms) = postSolution
		{18ABC97D-5D79-4B10-A213-2E10BF0A7AB0}.Debug|Any CPU.ActiveCfg = Debug|Any CPU
		{18ABC97D-5D79-4B10-A213-2E10BF0A7AB0}.Debug|Any CPU.Build.0 = Debug|Any CPU
		{18ABC97D-5D79-4B10-A213-2E10BF0A7AB0}.Release|Any CPU.ActiveCfg = Release|Any CPU
		{18ABC97D-5D79-4B10-A213-2E10BF0A7AB0}.Release|Any CPU.Build.0 = Release|Any CPU
	EndGlobalSection
	GlobalSection(SolutionProperties) = preSolution
		HideSolutionNode = FALSE
	EndGlobalSection
	GlobalSection(ExtensibilityGlobals) = postSolution
		SolutionGuid = {870C6FCC-14E2-426B-92C0-BAA77D96940A}
	EndGlobalSection
EndGlobal
